// !$*UTF8*$!
{
	archiveVersion = 1;
	classes = {
	};
	objectVersion = 46;
	objects = {

/* Begin PBXBuildFile section */
		9C1EE03E1A13A6AF00BC502F /* main.m in Sources */ = {isa = PBXBuildFile; fileRef = 9C1EE03D1A13A6AF00BC502F /* main.m */; };
		9C1EE0411A13A6AF00BC502F /* AppDelegate.m in Sources */ = {isa = PBXBuildFile; fileRef = 9C1EE0401A13A6AF00BC502F /* AppDelegate.m */; };
		9C1EE0441A13A6AF00BC502F /* ViewController.m in Sources */ = {isa = PBXBuildFile; fileRef = 9C1EE0431A13A6AF00BC502F /* ViewController.m */; };
		9C1EE0471A13A6AF00BC502F /* Main.storyboard in Resources */ = {isa = PBXBuildFile; fileRef = 9C1EE0451A13A6AF00BC502F /* Main.storyboard */; };
		9C1EE0491A13A6AF00BC502F /* Images.xcassets in Resources */ = {isa = PBXBuildFile; fileRef = 9C1EE0481A13A6AF00BC502F /* Images.xcassets */; };
		9C1EE04C1A13A6AF00BC502F /* LaunchScreen.xib in Resources */ = {isa = PBXBuildFile; fileRef = 9C1EE04A1A13A6AF00BC502F /* LaunchScreen.xib */; };
		9C1EE0581A13A6AF00BC502F /* DKCarouselViewDemoTests.m in Sources */ = {isa = PBXBuildFile; fileRef = 9C1EE0571A13A6AF00BC502F /* DKCarouselViewDemoTests.m */; };
		9C1EE0951A13A6E300BC502F /* DKCarouselView.m in Sources */ = {isa = PBXBuildFile; fileRef = 9C1EE0941A13A6E300BC502F /* DKCarouselView.m */; };
		B5F263B21E969FBA0032AB98 /* FLAnimatedImageView+WebCache.m in Sources */ = {isa = PBXBuildFile; fileRef = B5F2638E1E969FBA0032AB98 /* FLAnimatedImageView+WebCache.m */; };
		B5F263B31E969FBA0032AB98 /* NSData+ImageContentType.m in Sources */ = {isa = PBXBuildFile; fileRef = B5F263901E969FBA0032AB98 /* NSData+ImageContentType.m */; };
		B5F263B41E969FBA0032AB98 /* NSImage+WebCache.m in Sources */ = {isa = PBXBuildFile; fileRef = B5F263921E969FBA0032AB98 /* NSImage+WebCache.m */; };
		B5F263B51E969FBA0032AB98 /* SDImageCache.m in Sources */ = {isa = PBXBuildFile; fileRef = B5F263941E969FBA0032AB98 /* SDImageCache.m */; };
		B5F263B61E969FBA0032AB98 /* SDImageCacheConfig.m in Sources */ = {isa = PBXBuildFile; fileRef = B5F263961E969FBA0032AB98 /* SDImageCacheConfig.m */; };
		B5F263B71E969FBA0032AB98 /* SDWebImageCompat.m in Sources */ = {isa = PBXBuildFile; fileRef = B5F263981E969FBA0032AB98 /* SDWebImageCompat.m */; };
		B5F263B81E969FBA0032AB98 /* SDWebImageDecoder.m in Sources */ = {isa = PBXBuildFile; fileRef = B5F2639A1E969FBA0032AB98 /* SDWebImageDecoder.m */; };
		B5F263B91E969FBA0032AB98 /* SDWebImageDownloader.m in Sources */ = {isa = PBXBuildFile; fileRef = B5F2639C1E969FBA0032AB98 /* SDWebImageDownloader.m */; };
		B5F263BA1E969FBA0032AB98 /* SDWebImageDownloaderOperation.m in Sources */ = {isa = PBXBuildFile; fileRef = B5F2639E1E969FBA0032AB98 /* SDWebImageDownloaderOperation.m */; };
		B5F263BB1E969FBA0032AB98 /* SDWebImageManager.m in Sources */ = {isa = PBXBuildFile; fileRef = B5F263A01E969FBA0032AB98 /* SDWebImageManager.m */; };
		B5F263BC1E969FBA0032AB98 /* SDWebImagePrefetcher.m in Sources */ = {isa = PBXBuildFile; fileRef = B5F263A31E969FBA0032AB98 /* SDWebImagePrefetcher.m */; };
		B5F263BD1E969FBA0032AB98 /* UIButton+WebCache.m in Sources */ = {isa = PBXBuildFile; fileRef = B5F263A51E969FBA0032AB98 /* UIButton+WebCache.m */; };
		B5F263BE1E969FBA0032AB98 /* UIImage+GIF.m in Sources */ = {isa = PBXBuildFile; fileRef = B5F263A71E969FBA0032AB98 /* UIImage+GIF.m */; };
		B5F263BF1E969FBA0032AB98 /* UIImage+MultiFormat.m in Sources */ = {isa = PBXBuildFile; fileRef = B5F263A91E969FBA0032AB98 /* UIImage+MultiFormat.m */; };
		B5F263C01E969FBA0032AB98 /* UIImageView+HighlightedWebCache.m in Sources */ = {isa = PBXBuildFile; fileRef = B5F263AB1E969FBA0032AB98 /* UIImageView+HighlightedWebCache.m */; };
		B5F263C11E969FBA0032AB98 /* UIImageView+WebCache.m in Sources */ = {isa = PBXBuildFile; fileRef = B5F263AD1E969FBA0032AB98 /* UIImageView+WebCache.m */; };
		B5F263C21E969FBA0032AB98 /* UIView+WebCache.m in Sources */ = {isa = PBXBuildFile; fileRef = B5F263AF1E969FBA0032AB98 /* UIView+WebCache.m */; };
		B5F263C31E969FBA0032AB98 /* UIView+WebCacheOperation.m in Sources */ = {isa = PBXBuildFile; fileRef = B5F263B11E969FBA0032AB98 /* UIView+WebCacheOperation.m */; };
		B5F263CC1E969FCA0032AB98 /* FLAnimatedImage.m in Sources */ = {isa = PBXBuildFile; fileRef = B5F263C71E969FCA0032AB98 /* FLAnimatedImage.m */; };
		B5F263CD1E969FCA0032AB98 /* FLAnimatedImageView.m in Sources */ = {isa = PBXBuildFile; fileRef = B5F263C91E969FCA0032AB98 /* FLAnimatedImageView.m */; };
/* End PBXBuildFile section */

/* Begin PBXContainerItemProxy section */
		9C1EE0521A13A6AF00BC502F /* PBXContainerItemProxy */ = {
			isa = PBXContainerItemProxy;
			containerPortal = 9C1EE0301A13A6AF00BC502F /* Project object */;
			proxyType = 1;
			remoteGlobalIDString = 9C1EE0371A13A6AF00BC502F;
			remoteInfo = DKCarouselViewDemo;
		};
/* End PBXContainerItemProxy section */

/* Begin PBXFileReference section */
		9C1EE0381A13A6AF00BC502F /* DKCarouselViewDemo.app */ = {isa = PBXFileReference; explicitFileType = wrapper.application; includeInIndex = 0; path = DKCarouselViewDemo.app; sourceTree = BUILT_PRODUCTS_DIR; };
		9C1EE03C1A13A6AF00BC502F /* Info.plist */ = {isa = PBXFileReference; lastKnownFileType = text.plist.xml; path = Info.plist; sourceTree = "<group>"; };
		9C1EE03D1A13A6AF00BC502F /* main.m */ = {isa = PBXFileReference; lastKnownFileType = sourcecode.c.objc; path = main.m; sourceTree = "<group>"; };
		9C1EE03F1A13A6AF00BC502F /* AppDelegate.h */ = {isa = PBXFileReference; lastKnownFileType = sourcecode.c.h; path = AppDelegate.h; sourceTree = "<group>"; };
		9C1EE0401A13A6AF00BC502F /* AppDelegate.m */ = {isa = PBXFileReference; lastKnownFileType = sourcecode.c.objc; path = AppDelegate.m; sourceTree = "<group>"; };
		9C1EE0421A13A6AF00BC502F /* ViewController.h */ = {isa = PBXFileReference; lastKnownFileType = sourcecode.c.h; path = ViewController.h; sourceTree = "<group>"; };
		9C1EE0431A13A6AF00BC502F /* ViewController.m */ = {isa = PBXFileReference; lastKnownFileType = sourcecode.c.objc; path = ViewController.m; sourceTree = "<group>"; };
		9C1EE0461A13A6AF00BC502F /* Base */ = {isa = PBXFileReference; lastKnownFileType = file.storyboard; name = Base; path = Base.lproj/Main.storyboard; sourceTree = "<group>"; };
		9C1EE0481A13A6AF00BC502F /* Images.xcassets */ = {isa = PBXFileReference; lastKnownFileType = folder.assetcatalog; path = Images.xcassets; sourceTree = "<group>"; };
		9C1EE04B1A13A6AF00BC502F /* Base */ = {isa = PBXFileReference; lastKnownFileType = file.xib; name = Base; path = Base.lproj/LaunchScreen.xib; sourceTree = "<group>"; };
		9C1EE0511A13A6AF00BC502F /* DKCarouselViewDemoTests.xctest */ = {isa = PBXFileReference; explicitFileType = wrapper.cfbundle; includeInIndex = 0; path = DKCarouselViewDemoTests.xctest; sourceTree = BUILT_PRODUCTS_DIR; };
		9C1EE0561A13A6AF00BC502F /* Info.plist */ = {isa = PBXFileReference; lastKnownFileType = text.plist.xml; path = Info.plist; sourceTree = "<group>"; };
		9C1EE0571A13A6AF00BC502F /* DKCarouselViewDemoTests.m */ = {isa = PBXFileReference; lastKnownFileType = sourcecode.c.objc; path = DKCarouselViewDemoTests.m; sourceTree = "<group>"; };
		9C1EE0621A13A6D600BC502F /* LICENSE */ = {isa = PBXFileReference; fileEncoding = 4; lastKnownFileType = text; path = LICENSE; sourceTree = "<group>"; };
		9C1EE0631A13A6D600BC502F /* README.md */ = {isa = PBXFileReference; fileEncoding = 4; lastKnownFileType = net.daringfireball.markdown; path = README.md; sourceTree = "<group>"; };
		9C1EE0931A13A6E300BC502F /* DKCarouselView.h */ = {isa = PBXFileReference; fileEncoding = 4; lastKnownFileType = sourcecode.c.h; path = DKCarouselView.h; sourceTree = "<group>"; };
		9C1EE0941A13A6E300BC502F /* DKCarouselView.m */ = {isa = PBXFileReference; fileEncoding = 4; lastKnownFileType = sourcecode.c.objc; path = DKCarouselView.m; sourceTree = "<group>"; };
		B5F2638D1E969FBA0032AB98 /* FLAnimatedImageView+WebCache.h */ = {isa = PBXFileReference; fileEncoding = 4; lastKnownFileType = sourcecode.c.h; path = "FLAnimatedImageView+WebCache.h"; sourceTree = "<group>"; };
		B5F2638E1E969FBA0032AB98 /* FLAnimatedImageView+WebCache.m */ = {isa = PBXFileReference; fileEncoding = 4; lastKnownFileType = sourcecode.c.objc; path = "FLAnimatedImageView+WebCache.m"; sourceTree = "<group>"; };
		B5F2638F1E969FBA0032AB98 /* NSData+ImageContentType.h */ = {isa = PBXFileReference; fileEncoding = 4; lastKnownFileType = sourcecode.c.h; path = "NSData+ImageContentType.h"; sourceTree = "<group>"; };
		B5F263901E969FBA0032AB98 /* NSData+ImageContentType.m */ = {isa = PBXFileReference; fileEncoding = 4; lastKnownFileType = sourcecode.c.objc; path = "NSData+ImageContentType.m"; sourceTree = "<group>"; };
		B5F263911E969FBA0032AB98 /* NSImage+WebCache.h */ = {isa = PBXFileReference; fileEncoding = 4; lastKnownFileType = sourcecode.c.h; path = "NSImage+WebCache.h"; sourceTree = "<group>"; };
		B5F263921E969FBA0032AB98 /* NSImage+WebCache.m */ = {isa = PBXFileReference; fileEncoding = 4; lastKnownFileType = sourcecode.c.objc; path = "NSImage+WebCache.m"; sourceTree = "<group>"; };
		B5F263931E969FBA0032AB98 /* SDImageCache.h */ = {isa = PBXFileReference; fileEncoding = 4; lastKnownFileType = sourcecode.c.h; path = SDImageCache.h; sourceTree = "<group>"; };
		B5F263941E969FBA0032AB98 /* SDImageCache.m */ = {isa = PBXFileReference; fileEncoding = 4; lastKnownFileType = sourcecode.c.objc; path = SDImageCache.m; sourceTree = "<group>"; };
		B5F263951E969FBA0032AB98 /* SDImageCacheConfig.h */ = {isa = PBXFileReference; fileEncoding = 4; lastKnownFileType = sourcecode.c.h; path = SDImageCacheConfig.h; sourceTree = "<group>"; };
		B5F263961E969FBA0032AB98 /* SDImageCacheConfig.m */ = {isa = PBXFileReference; fileEncoding = 4; lastKnownFileType = sourcecode.c.objc; path = SDImageCacheConfig.m; sourceTree = "<group>"; };
		B5F263971E969FBA0032AB98 /* SDWebImageCompat.h */ = {isa = PBXFileReference; fileEncoding = 4; lastKnownFileType = sourcecode.c.h; path = SDWebImageCompat.h; sourceTree = "<group>"; };
		B5F263981E969FBA0032AB98 /* SDWebImageCompat.m */ = {isa = PBXFileReference; fileEncoding = 4; lastKnownFileType = sourcecode.c.objc; path = SDWebImageCompat.m; sourceTree = "<group>"; };
		B5F263991E969FBA0032AB98 /* SDWebImageDecoder.h */ = {isa = PBXFileReference; fileEncoding = 4; lastKnownFileType = sourcecode.c.h; path = SDWebImageDecoder.h; sourceTree = "<group>"; };
		B5F2639A1E969FBA0032AB98 /* SDWebImageDecoder.m */ = {isa = PBXFileReference; fileEncoding = 4; lastKnownFileType = sourcecode.c.objc; path = SDWebImageDecoder.m; sourceTree = "<group>"; };
		B5F2639B1E969FBA0032AB98 /* SDWebImageDownloader.h */ = {isa = PBXFileReference; fileEncoding = 4; lastKnownFileType = sourcecode.c.h; path = SDWebImageDownloader.h; sourceTree = "<group>"; };
		B5F2639C1E969FBA0032AB98 /* SDWebImageDownloader.m */ = {isa = PBXFileReference; fileEncoding = 4; lastKnownFileType = sourcecode.c.objc; path = SDWebImageDownloader.m; sourceTree = "<group>"; };
		B5F2639D1E969FBA0032AB98 /* SDWebImageDownloaderOperation.h */ = {isa = PBXFileReference; fileEncoding = 4; lastKnownFileType = sourcecode.c.h; path = SDWebImageDownloaderOperation.h; sourceTree = "<group>"; };
		B5F2639E1E969FBA0032AB98 /* SDWebImageDownloaderOperation.m */ = {isa = PBXFileReference; fileEncoding = 4; lastKnownFileType = sourcecode.c.objc; path = SDWebImageDownloaderOperation.m; sourceTree = "<group>"; };
		B5F2639F1E969FBA0032AB98 /* SDWebImageManager.h */ = {isa = PBXFileReference; fileEncoding = 4; lastKnownFileType = sourcecode.c.h; path = SDWebImageManager.h; sourceTree = "<group>"; };
		B5F263A01E969FBA0032AB98 /* SDWebImageManager.m */ = {isa = PBXFileReference; fileEncoding = 4; lastKnownFileType = sourcecode.c.objc; path = SDWebImageManager.m; sourceTree = "<group>"; };
		B5F263A11E969FBA0032AB98 /* SDWebImageOperation.h */ = {isa = PBXFileReference; fileEncoding = 4; lastKnownFileType = sourcecode.c.h; path = SDWebImageOperation.h; sourceTree = "<group>"; };
		B5F263A21E969FBA0032AB98 /* SDWebImagePrefetcher.h */ = {isa = PBXFileReference; fileEncoding = 4; lastKnownFileType = sourcecode.c.h; path = SDWebImagePrefetcher.h; sourceTree = "<group>"; };
		B5F263A31E969FBA0032AB98 /* SDWebImagePrefetcher.m */ = {isa = PBXFileReference; fileEncoding = 4; lastKnownFileType = sourcecode.c.objc; path = SDWebImagePrefetcher.m; sourceTree = "<group>"; };
		B5F263A41E969FBA0032AB98 /* UIButton+WebCache.h */ = {isa = PBXFileReference; fileEncoding = 4; lastKnownFileType = sourcecode.c.h; path = "UIButton+WebCache.h"; sourceTree = "<group>"; };
		B5F263A51E969FBA0032AB98 /* UIButton+WebCache.m */ = {isa = PBXFileReference; fileEncoding = 4; lastKnownFileType = sourcecode.c.objc; path = "UIButton+WebCache.m"; sourceTree = "<group>"; };
		B5F263A61E969FBA0032AB98 /* UIImage+GIF.h */ = {isa = PBXFileReference; fileEncoding = 4; lastKnownFileType = sourcecode.c.h; path = "UIImage+GIF.h"; sourceTree = "<group>"; };
		B5F263A71E969FBA0032AB98 /* UIImage+GIF.m */ = {isa = PBXFileReference; fileEncoding = 4; lastKnownFileType = sourcecode.c.objc; path = "UIImage+GIF.m"; sourceTree = "<group>"; };
		B5F263A81E969FBA0032AB98 /* UIImage+MultiFormat.h */ = {isa = PBXFileReference; fileEncoding = 4; lastKnownFileType = sourcecode.c.h; path = "UIImage+MultiFormat.h"; sourceTree = "<group>"; };
		B5F263A91E969FBA0032AB98 /* UIImage+MultiFormat.m */ = {isa = PBXFileReference; fileEncoding = 4; lastKnownFileType = sourcecode.c.objc; path = "UIImage+MultiFormat.m"; sourceTree = "<group>"; };
		B5F263AA1E969FBA0032AB98 /* UIImageView+HighlightedWebCache.h */ = {isa = PBXFileReference; fileEncoding = 4; lastKnownFileType = sourcecode.c.h; path = "UIImageView+HighlightedWebCache.h"; sourceTree = "<group>"; };
		B5F263AB1E969FBA0032AB98 /* UIImageView+HighlightedWebCache.m */ = {isa = PBXFileReference; fileEncoding = 4; lastKnownFileType = sourcecode.c.objc; path = "UIImageView+HighlightedWebCache.m"; sourceTree = "<group>"; };
		B5F263AC1E969FBA0032AB98 /* UIImageView+WebCache.h */ = {isa = PBXFileReference; fileEncoding = 4; lastKnownFileType = sourcecode.c.h; path = "UIImageView+WebCache.h"; sourceTree = "<group>"; };
		B5F263AD1E969FBA0032AB98 /* UIImageView+WebCache.m */ = {isa = PBXFileReference; fileEncoding = 4; lastKnownFileType = sourcecode.c.objc; path = "UIImageView+WebCache.m"; sourceTree = "<group>"; };
		B5F263AE1E969FBA0032AB98 /* UIView+WebCache.h */ = {isa = PBXFileReference; fileEncoding = 4; lastKnownFileType = sourcecode.c.h; path = "UIView+WebCache.h"; sourceTree = "<group>"; };
		B5F263AF1E969FBA0032AB98 /* UIView+WebCache.m */ = {isa = PBXFileReference; fileEncoding = 4; lastKnownFileType = sourcecode.c.objc; path = "UIView+WebCache.m"; sourceTree = "<group>"; };
		B5F263B01E969FBA0032AB98 /* UIView+WebCacheOperation.h */ = {isa = PBXFileReference; fileEncoding = 4; lastKnownFileType = sourcecode.c.h; path = "UIView+WebCacheOperation.h"; sourceTree = "<group>"; };
		B5F263B11E969FBA0032AB98 /* UIView+WebCacheOperation.m */ = {isa = PBXFileReference; fileEncoding = 4; lastKnownFileType = sourcecode.c.objc; path = "UIView+WebCacheOperation.m"; sourceTree = "<group>"; };
		B5F263C61E969FCA0032AB98 /* FLAnimatedImage.h */ = {isa = PBXFileReference; fileEncoding = 4; lastKnownFileType = sourcecode.c.h; path = FLAnimatedImage.h; sourceTree = "<group>"; };
		B5F263C71E969FCA0032AB98 /* FLAnimatedImage.m */ = {isa = PBXFileReference; fileEncoding = 4; lastKnownFileType = sourcecode.c.objc; path = FLAnimatedImage.m; sourceTree = "<group>"; };
		B5F263C81E969FCA0032AB98 /* FLAnimatedImageView.h */ = {isa = PBXFileReference; fileEncoding = 4; lastKnownFileType = sourcecode.c.h; path = FLAnimatedImageView.h; sourceTree = "<group>"; };
		B5F263C91E969FCA0032AB98 /* FLAnimatedImageView.m */ = {isa = PBXFileReference; fileEncoding = 4; lastKnownFileType = sourcecode.c.objc; path = FLAnimatedImageView.m; sourceTree = "<group>"; };
		B5F263CA1E969FCA0032AB98 /* LICENSE */ = {isa = PBXFileReference; fileEncoding = 4; lastKnownFileType = text; path = LICENSE; sourceTree = "<group>"; };
		B5F263CB1E969FCA0032AB98 /* README.md */ = {isa = PBXFileReference; fileEncoding = 4; lastKnownFileType = net.daringfireball.markdown; path = README.md; sourceTree = "<group>"; };
/* End PBXFileReference section */

/* Begin PBXFrameworksBuildPhase section */
		9C1EE0351A13A6AF00BC502F /* Frameworks */ = {
			isa = PBXFrameworksBuildPhase;
			buildActionMask = 2147483647;
			files = (
			);
			runOnlyForDeploymentPostprocessing = 0;
		};
		9C1EE04E1A13A6AF00BC502F /* Frameworks */ = {
			isa = PBXFrameworksBuildPhase;
			buildActionMask = 2147483647;
			files = (
			);
			runOnlyForDeploymentPostprocessing = 0;
		};
/* End PBXFrameworksBuildPhase section */

/* Begin PBXGroup section */
		9C1EE02F1A13A6AF00BC502F = {
			isa = PBXGroup;
			children = (
				9C1EE03A1A13A6AF00BC502F /* DKCarouselViewDemo */,
				9C1EE0541A13A6AF00BC502F /* DKCarouselViewDemoTests */,
				9C1EE0391A13A6AF00BC502F /* Products */,
			);
			sourceTree = "<group>";
		};
		9C1EE0391A13A6AF00BC502F /* Products */ = {
			isa = PBXGroup;
			children = (
				9C1EE0381A13A6AF00BC502F /* DKCarouselViewDemo.app */,
				9C1EE0511A13A6AF00BC502F /* DKCarouselViewDemoTests.xctest */,
			);
			name = Products;
			sourceTree = "<group>";
		};
		9C1EE03A1A13A6AF00BC502F /* DKCarouselViewDemo */ = {
			isa = PBXGroup;
			children = (
				9C1EE0611A13A6D600BC502F /* SDWebImage */,
				B5F263C41E969FCA0032AB98 /* FLAnimatedImage */,
				9C1EE0921A13A6E300BC502F /* DKCarouselView */,
				9C1EE03F1A13A6AF00BC502F /* AppDelegate.h */,
				9C1EE0401A13A6AF00BC502F /* AppDelegate.m */,
				9C1EE0421A13A6AF00BC502F /* ViewController.h */,
				9C1EE0431A13A6AF00BC502F /* ViewController.m */,
				9C1EE0451A13A6AF00BC502F /* Main.storyboard */,
				9C1EE0481A13A6AF00BC502F /* Images.xcassets */,
				9C1EE04A1A13A6AF00BC502F /* LaunchScreen.xib */,
				9C1EE03B1A13A6AF00BC502F /* Supporting Files */,
			);
			path = DKCarouselViewDemo;
			sourceTree = "<group>";
		};
		9C1EE03B1A13A6AF00BC502F /* Supporting Files */ = {
			isa = PBXGroup;
			children = (
				9C1EE03C1A13A6AF00BC502F /* Info.plist */,
				9C1EE03D1A13A6AF00BC502F /* main.m */,
			);
			name = "Supporting Files";
			sourceTree = "<group>";
		};
		9C1EE0541A13A6AF00BC502F /* DKCarouselViewDemoTests */ = {
			isa = PBXGroup;
			children = (
				9C1EE0571A13A6AF00BC502F /* DKCarouselViewDemoTests.m */,
				9C1EE0551A13A6AF00BC502F /* Supporting Files */,
			);
			path = DKCarouselViewDemoTests;
			sourceTree = "<group>";
		};
		9C1EE0551A13A6AF00BC502F /* Supporting Files */ = {
			isa = PBXGroup;
			children = (
				9C1EE0561A13A6AF00BC502F /* Info.plist */,
			);
			name = "Supporting Files";
			sourceTree = "<group>";
		};
		9C1EE0611A13A6D600BC502F /* SDWebImage */ = {
			isa = PBXGroup;
			children = (
				B5F2638B1E969FBA0032AB98 /* SDWebImage */,
				9C1EE0621A13A6D600BC502F /* LICENSE */,
				9C1EE0631A13A6D600BC502F /* README.md */,
			);
			path = SDWebImage;
			sourceTree = SOURCE_ROOT;
		};
		9C1EE0921A13A6E300BC502F /* DKCarouselView */ = {
			isa = PBXGroup;
			children = (
				9C1EE0931A13A6E300BC502F /* DKCarouselView.h */,
				9C1EE0941A13A6E300BC502F /* DKCarouselView.m */,
			);
			name = DKCarouselView;
			path = ../../DKCarouselView;
			sourceTree = "<group>";
		};
		B5F2638B1E969FBA0032AB98 /* SDWebImage */ = {
			isa = PBXGroup;
			children = (
				B5F2638C1E969FBA0032AB98 /* FLAnimatedImage */,
				B5F2638F1E969FBA0032AB98 /* NSData+ImageContentType.h */,
				B5F263901E969FBA0032AB98 /* NSData+ImageContentType.m */,
				B5F263911E969FBA0032AB98 /* NSImage+WebCache.h */,
				B5F263921E969FBA0032AB98 /* NSImage+WebCache.m */,
				B5F263931E969FBA0032AB98 /* SDImageCache.h */,
				B5F263941E969FBA0032AB98 /* SDImageCache.m */,
				B5F263951E969FBA0032AB98 /* SDImageCacheConfig.h */,
				B5F263961E969FBA0032AB98 /* SDImageCacheConfig.m */,
				B5F263971E969FBA0032AB98 /* SDWebImageCompat.h */,
				B5F263981E969FBA0032AB98 /* SDWebImageCompat.m */,
				B5F263991E969FBA0032AB98 /* SDWebImageDecoder.h */,
				B5F2639A1E969FBA0032AB98 /* SDWebImageDecoder.m */,
				B5F2639B1E969FBA0032AB98 /* SDWebImageDownloader.h */,
				B5F2639C1E969FBA0032AB98 /* SDWebImageDownloader.m */,
				B5F2639D1E969FBA0032AB98 /* SDWebImageDownloaderOperation.h */,
				B5F2639E1E969FBA0032AB98 /* SDWebImageDownloaderOperation.m */,
				B5F2639F1E969FBA0032AB98 /* SDWebImageManager.h */,
				B5F263A01E969FBA0032AB98 /* SDWebImageManager.m */,
				B5F263A11E969FBA0032AB98 /* SDWebImageOperation.h */,
				B5F263A21E969FBA0032AB98 /* SDWebImagePrefetcher.h */,
				B5F263A31E969FBA0032AB98 /* SDWebImagePrefetcher.m */,
				B5F263A41E969FBA0032AB98 /* UIButton+WebCache.h */,
				B5F263A51E969FBA0032AB98 /* UIButton+WebCache.m */,
				B5F263A61E969FBA0032AB98 /* UIImage+GIF.h */,
				B5F263A71E969FBA0032AB98 /* UIImage+GIF.m */,
				B5F263A81E969FBA0032AB98 /* UIImage+MultiFormat.h */,
				B5F263A91E969FBA0032AB98 /* UIImage+MultiFormat.m */,
				B5F263AA1E969FBA0032AB98 /* UIImageView+HighlightedWebCache.h */,
				B5F263AB1E969FBA0032AB98 /* UIImageView+HighlightedWebCache.m */,
				B5F263AC1E969FBA0032AB98 /* UIImageView+WebCache.h */,
				B5F263AD1E969FBA0032AB98 /* UIImageView+WebCache.m */,
				B5F263AE1E969FBA0032AB98 /* UIView+WebCache.h */,
				B5F263AF1E969FBA0032AB98 /* UIView+WebCache.m */,
				B5F263B01E969FBA0032AB98 /* UIView+WebCacheOperation.h */,
				B5F263B11E969FBA0032AB98 /* UIView+WebCacheOperation.m */,
			);
			path = SDWebImage;
			sourceTree = "<group>";
		};
		B5F2638C1E969FBA0032AB98 /* FLAnimatedImage */ = {
			isa = PBXGroup;
			children = (
				B5F2638D1E969FBA0032AB98 /* FLAnimatedImageView+WebCache.h */,
				B5F2638E1E969FBA0032AB98 /* FLAnimatedImageView+WebCache.m */,
			);
			path = FLAnimatedImage;
			sourceTree = "<group>";
		};
		B5F263C41E969FCA0032AB98 /* FLAnimatedImage */ = {
			isa = PBXGroup;
			children = (
				B5F263C51E969FCA0032AB98 /* FLAnimatedImage */,
				B5F263CA1E969FCA0032AB98 /* LICENSE */,
				B5F263CB1E969FCA0032AB98 /* README.md */,
			);
			path = FLAnimatedImage;
			sourceTree = "<group>";
		};
		B5F263C51E969FCA0032AB98 /* FLAnimatedImage */ = {
			isa = PBXGroup;
			children = (
				B5F263C61E969FCA0032AB98 /* FLAnimatedImage.h */,
				B5F263C71E969FCA0032AB98 /* FLAnimatedImage.m */,
				B5F263C81E969FCA0032AB98 /* FLAnimatedImageView.h */,
				B5F263C91E969FCA0032AB98 /* FLAnimatedImageView.m */,
			);
			path = FLAnimatedImage;
			sourceTree = "<group>";
		};
/* End PBXGroup section */

/* Begin PBXNativeTarget section */
		9C1EE0371A13A6AF00BC502F /* DKCarouselViewDemo */ = {
			isa = PBXNativeTarget;
			buildConfigurationList = 9C1EE05B1A13A6AF00BC502F /* Build configuration list for PBXNativeTarget "DKCarouselViewDemo" */;
			buildPhases = (
				9C1EE0341A13A6AF00BC502F /* Sources */,
				9C1EE0351A13A6AF00BC502F /* Frameworks */,
				9C1EE0361A13A6AF00BC502F /* Resources */,
			);
			buildRules = (
			);
			dependencies = (
			);
			name = DKCarouselViewDemo;
			productName = DKCarouselViewDemo;
			productReference = 9C1EE0381A13A6AF00BC502F /* DKCarouselViewDemo.app */;
			productType = "com.apple.product-type.application";
		};
		9C1EE0501A13A6AF00BC502F /* DKCarouselViewDemoTests */ = {
			isa = PBXNativeTarget;
			buildConfigurationList = 9C1EE05E1A13A6AF00BC502F /* Build configuration list for PBXNativeTarget "DKCarouselViewDemoTests" */;
			buildPhases = (
				9C1EE04D1A13A6AF00BC502F /* Sources */,
				9C1EE04E1A13A6AF00BC502F /* Frameworks */,
				9C1EE04F1A13A6AF00BC502F /* Resources */,
			);
			buildRules = (
			);
			dependencies = (
				9C1EE0531A13A6AF00BC502F /* PBXTargetDependency */,
			);
			name = DKCarouselViewDemoTests;
			productName = DKCarouselViewDemoTests;
			productReference = 9C1EE0511A13A6AF00BC502F /* DKCarouselViewDemoTests.xctest */;
			productType = "com.apple.product-type.bundle.unit-test";
		};
/* End PBXNativeTarget section */

/* Begin PBXProject section */
		9C1EE0301A13A6AF00BC502F /* Project object */ = {
			isa = PBXProject;
			attributes = {
				LastUpgradeCheck = 0810;
				ORGANIZATIONNAME = zhangao;
				TargetAttributes = {
					9C1EE0371A13A6AF00BC502F = {
						CreatedOnToolsVersion = 6.1;
					};
					9C1EE0501A13A6AF00BC502F = {
						CreatedOnToolsVersion = 6.1;
						TestTargetID = 9C1EE0371A13A6AF00BC502F;
					};
				};
			};
			buildConfigurationList = 9C1EE0331A13A6AF00BC502F /* Build configuration list for PBXProject "DKCarouselViewDemo" */;
			compatibilityVersion = "Xcode 3.2";
			developmentRegion = English;
			hasScannedForEncodings = 0;
			knownRegions = (
				en,
				Base,
			);
			mainGroup = 9C1EE02F1A13A6AF00BC502F;
			productRefGroup = 9C1EE0391A13A6AF00BC502F /* Products */;
			projectDirPath = "";
			projectRoot = "";
			targets = (
				9C1EE0371A13A6AF00BC502F /* DKCarouselViewDemo */,
				9C1EE0501A13A6AF00BC502F /* DKCarouselViewDemoTests */,
			);
		};
/* End PBXProject section */

/* Begin PBXResourcesBuildPhase section */
		9C1EE0361A13A6AF00BC502F /* Resources */ = {
			isa = PBXResourcesBuildPhase;
			buildActionMask = 2147483647;
			files = (
				9C1EE0471A13A6AF00BC502F /* Main.storyboard in Resources */,
				9C1EE04C1A13A6AF00BC502F /* LaunchScreen.xib in Resources */,
				9C1EE0491A13A6AF00BC502F /* Images.xcassets in Resources */,
			);
			runOnlyForDeploymentPostprocessing = 0;
		};
		9C1EE04F1A13A6AF00BC502F /* Resources */ = {
			isa = PBXResourcesBuildPhase;
			buildActionMask = 2147483647;
			files = (
			);
			runOnlyForDeploymentPostprocessing = 0;
		};
/* End PBXResourcesBuildPhase section */

/* Begin PBXSourcesBuildPhase section */
		9C1EE0341A13A6AF00BC502F /* Sources */ = {
			isa = PBXSourcesBuildPhase;
			buildActionMask = 2147483647;
			files = (
				9C1EE0441A13A6AF00BC502F /* ViewController.m in Sources */,
				B5F263C01E969FBA0032AB98 /* UIImageView+HighlightedWebCache.m in Sources */,
				B5F263CC1E969FCA0032AB98 /* FLAnimatedImage.m in Sources */,
				B5F263C21E969FBA0032AB98 /* UIView+WebCache.m in Sources */,
				B5F263C11E969FBA0032AB98 /* UIImageView+WebCache.m in Sources */,
				B5F263C31E969FBA0032AB98 /* UIView+WebCacheOperation.m in Sources */,
				B5F263BB1E969FBA0032AB98 /* SDWebImageManager.m in Sources */,
				B5F263B61E969FBA0032AB98 /* SDImageCacheConfig.m in Sources */,
				B5F263BA1E969FBA0032AB98 /* SDWebImageDownloaderOperation.m in Sources */,
				B5F263B41E969FBA0032AB98 /* NSImage+WebCache.m in Sources */,
				B5F263BD1E969FBA0032AB98 /* UIButton+WebCache.m in Sources */,
				B5F263CD1E969FCA0032AB98 /* FLAnimatedImageView.m in Sources */,
				B5F263B21E969FBA0032AB98 /* FLAnimatedImageView+WebCache.m in Sources */,
				B5F263BC1E969FBA0032AB98 /* SDWebImagePrefetcher.m in Sources */,
				B5F263B91E969FBA0032AB98 /* SDWebImageDownloader.m in Sources */,
				9C1EE0411A13A6AF00BC502F /* AppDelegate.m in Sources */,
				B5F263B81E969FBA0032AB98 /* SDWebImageDecoder.m in Sources */,
				9C1EE0951A13A6E300BC502F /* DKCarouselView.m in Sources */,
				B5F263B31E969FBA0032AB98 /* NSData+ImageContentType.m in Sources */,
				B5F263B71E969FBA0032AB98 /* SDWebImageCompat.m in Sources */,
				9C1EE03E1A13A6AF00BC502F /* main.m in Sources */,
				B5F263B51E969FBA0032AB98 /* SDImageCache.m in Sources */,
				B5F263BF1E969FBA0032AB98 /* UIImage+MultiFormat.m in Sources */,
				B5F263BE1E969FBA0032AB98 /* UIImage+GIF.m in Sources */,
			);
			runOnlyForDeploymentPostprocessing = 0;
		};
		9C1EE04D1A13A6AF00BC502F /* Sources */ = {
			isa = PBXSourcesBuildPhase;
			buildActionMask = 2147483647;
			files = (
				9C1EE0581A13A6AF00BC502F /* DKCarouselViewDemoTests.m in Sources */,
			);
			runOnlyForDeploymentPostprocessing = 0;
		};
/* End PBXSourcesBuildPhase section */

/* Begin PBXTargetDependency section */
		9C1EE0531A13A6AF00BC502F /* PBXTargetDependency */ = {
			isa = PBXTargetDependency;
			target = 9C1EE0371A13A6AF00BC502F /* DKCarouselViewDemo */;
			targetProxy = 9C1EE0521A13A6AF00BC502F /* PBXContainerItemProxy */;
		};
/* End PBXTargetDependency section */

/* Begin PBXVariantGroup section */
		9C1EE0451A13A6AF00BC502F /* Main.storyboard */ = {
			isa = PBXVariantGroup;
			children = (
				9C1EE0461A13A6AF00BC502F /* Base */,
			);
			name = Main.storyboard;
			sourceTree = "<group>";
		};
		9C1EE04A1A13A6AF00BC502F /* LaunchScreen.xib */ = {
			isa = PBXVariantGroup;
			children = (
				9C1EE04B1A13A6AF00BC502F /* Base */,
			);
			name = LaunchScreen.xib;
			sourceTree = "<group>";
		};
/* End PBXVariantGroup section */

/* Begin XCBuildConfiguration section */
		9C1EE0591A13A6AF00BC502F /* Debug */ = {
			isa = XCBuildConfiguration;
			buildSettings = {
				ALWAYS_SEARCH_USER_PATHS = NO;
				CLANG_CXX_LANGUAGE_STANDARD = "gnu++0x";
				CLANG_CXX_LIBRARY = "libc++";
				CLANG_ENABLE_MODULES = YES;
				CLANG_ENABLE_OBJC_ARC = YES;
				CLANG_WARN_BOOL_CONVERSION = YES;
				CLANG_WARN_CONSTANT_CONVERSION = YES;
				CLANG_WARN_DIRECT_OBJC_ISA_USAGE = YES_ERROR;
				CLANG_WARN_EMPTY_BODY = YES;
				CLANG_WARN_ENUM_CONVERSION = YES;
				CLANG_WARN_INFINITE_RECURSION = YES;
				CLANG_WARN_INT_CONVERSION = YES;
				CLANG_WARN_OBJC_ROOT_CLASS = YES_ERROR;
				CLANG_WARN_SUSPICIOUS_MOVE = YES;
				CLANG_WARN_UNREACHABLE_CODE = YES;
				CLANG_WARN__DUPLICATE_METHOD_MATCH = YES;
				"CODE_SIGN_IDENTITY[sdk=iphoneos*]" = "iPhone Developer";
				COPY_PHASE_STRIP = NO;
				ENABLE_STRICT_OBJC_MSGSEND = YES;
				ENABLE_TESTABILITY = YES;
				GCC_C_LANGUAGE_STANDARD = gnu99;
				GCC_DYNAMIC_NO_PIC = NO;
				GCC_NO_COMMON_BLOCKS = YES;
				GCC_OPTIMIZATION_LEVEL = 0;
				GCC_PREPROCESSOR_DEFINITIONS = (
					"DEBUG=1",
					"$(inherited)",
				);
				GCC_SYMBOLS_PRIVATE_EXTERN = NO;
				GCC_WARN_64_TO_32_BIT_CONVERSION = YES;
				GCC_WARN_ABOUT_RETURN_TYPE = YES_ERROR;
				GCC_WARN_UNDECLARED_SELECTOR = YES;
				GCC_WARN_UNINITIALIZED_AUTOS = YES_AGGRESSIVE;
				GCC_WARN_UNUSED_FUNCTION = YES;
				GCC_WARN_UNUSED_VARIABLE = YES;
				IPHONEOS_DEPLOYMENT_TARGET = 8.1;
				MTL_ENABLE_DEBUG_INFO = YES;
				ONLY_ACTIVE_ARCH = YES;
				SDKROOT = iphoneos;
			};
			name = Debug;
		};
		9C1EE05A1A13A6AF00BC502F /* Release */ = {
			isa = XCBuildConfiguration;
			buildSettings = {
				ALWAYS_SEARCH_USER_PATHS = NO;
				CLANG_CXX_LANGUAGE_STANDARD = "gnu++0x";
				CLANG_CXX_LIBRARY = "libc++";
				CLANG_ENABLE_MODULES = YES;
				CLANG_ENABLE_OBJC_ARC = YES;
				CLANG_WARN_BOOL_CONVERSION = YES;
				CLANG_WARN_CONSTANT_CONVERSION = YES;
				CLANG_WARN_DIRECT_OBJC_ISA_USAGE = YES_ERROR;
				CLANG_WARN_EMPTY_BODY = YES;
				CLANG_WARN_ENUM_CONVERSION = YES;
				CLANG_WARN_INFINITE_RECURSION = YES;
				CLANG_WARN_INT_CONVERSION = YES;
				CLANG_WARN_OBJC_ROOT_CLASS = YES_ERROR;
				CLANG_WARN_SUSPICIOUS_MOVE = YES;
				CLANG_WARN_UNREACHABLE_CODE = YES;
				CLANG_WARN__DUPLICATE_METHOD_MATCH = YES;
				"CODE_SIGN_IDENTITY[sdk=iphoneos*]" = "iPhone Developer";
				COPY_PHASE_STRIP = YES;
				ENABLE_NS_ASSERTIONS = NO;
				ENABLE_STRICT_OBJC_MSGSEND = YES;
				GCC_C_LANGUAGE_STANDARD = gnu99;
				GCC_NO_COMMON_BLOCKS = YES;
				GCC_WARN_64_TO_32_BIT_CONVERSION = YES;
				GCC_WARN_ABOUT_RETURN_TYPE = YES_ERROR;
				GCC_WARN_UNDECLARED_SELECTOR = YES;
				GCC_WARN_UNINITIALIZED_AUTOS = YES_AGGRESSIVE;
				GCC_WARN_UNUSED_FUNCTION = YES;
				GCC_WARN_UNUSED_VARIABLE = YES;
				IPHONEOS_DEPLOYMENT_TARGET = 8.1;
				MTL_ENABLE_DEBUG_INFO = NO;
				SDKROOT = iphoneos;
				VALIDATE_PRODUCT = YES;
			};
			name = Release;
		};
		9C1EE05C1A13A6AF00BC502F /* Debug */ = {
			isa = XCBuildConfiguration;
			buildSettings = {
				ASSETCATALOG_COMPILER_APPICON_NAME = AppIcon;
				INFOPLIST_FILE = DKCarouselViewDemo/Info.plist;
				IPHONEOS_DEPLOYMENT_TARGET = 8.0;
				LD_RUNPATH_SEARCH_PATHS = "$(inherited) @executable_path/Frameworks";
				PRODUCT_BUNDLE_IDENTIFIER = "com.zhangao.$(PRODUCT_NAME:rfc1034identifier)";
				PRODUCT_NAME = "$(TARGET_NAME)";
			};
			name = Debug;
		};
		9C1EE05D1A13A6AF00BC502F /* Release */ = {
			isa = XCBuildConfiguration;
			buildSettings = {
				ASSETCATALOG_COMPILER_APPICON_NAME = AppIcon;
				INFOPLIST_FILE = DKCarouselViewDemo/Info.plist;
				IPHONEOS_DEPLOYMENT_TARGET = 8.0;
				LD_RUNPATH_SEARCH_PATHS = "$(inherited) @executable_path/Frameworks";
				PRODUCT_BUNDLE_IDENTIFIER = "com.zhangao.$(PRODUCT_NAME:rfc1034identifier)";
				PRODUCT_NAME = "$(TARGET_NAME)";
			};
			name = Release;
		};
		9C1EE05F1A13A6AF00BC502F /* Debug */ = {
			isa = XCBuildConfiguration;
			buildSettings = {
				BUNDLE_LOADER = "$(TEST_HOST)";
				FRAMEWORK_SEARCH_PATHS = (
					"$(SDKROOT)/Developer/Library/Frameworks",
					"$(inherited)",
				);
				GCC_PREPROCESSOR_DEFINITIONS = (
					"DEBUG=1",
					"$(inherited)",
				);
				INFOPLIST_FILE = DKCarouselViewDemoTests/Info.plist;
				LD_RUNPATH_SEARCH_PATHS = "$(inherited) @executable_path/Frameworks @loader_path/Frameworks";
				PRODUCT_BUNDLE_IDENTIFIER = "com.zhangao.$(PRODUCT_NAME:rfc1034identifier)";
				PRODUCT_NAME = "$(TARGET_NAME)";
				TEST_HOST = "$(BUILT_PRODUCTS_DIR)/DKCarouselViewDemo.app/DKCarouselViewDemo";
			};
			name = Debug;
		};
		9C1EE0601A13A6AF00BC502F /* Release */ = {
			isa = XCBuildConfiguration;
			buildSettings = {
				BUNDLE_LOADER = "$(TEST_HOST)";
				FRAMEWORK_SEARCH_PATHS = (
					"$(SDKROOT)/Developer/Library/Frameworks",
					"$(inherited)",
				);
				INFOPLIST_FILE = DKCarouselViewDemoTests/Info.plist;
				LD_RUNPATH_SEARCH_PATHS = "$(inherited) @executable_path/Frameworks @loader_path/Frameworks";
				PRODUCT_BUNDLE_IDENTIFIER = "com.zhangao.$(PRODUCT_NAME:rfc1034identifier)";
				PRODUCT_NAME = "$(TARGET_NAME)";
				TEST_HOST = "$(BUILT_PRODUCTS_DIR)/DKCarouselViewDemo.app/DKCarouselViewDemo";
			};
			name = Release;
		};
/* End XCBuildConfiguration section */

/* Begin XCConfigurationList section */
		9C1EE0331A13A6AF00BC502F /* Build configuration list for PBXProject "DKCarouselViewDemo" */ = {
			isa = XCConfigurationList;
			buildConfigurations = (
				9C1EE0591A13A6AF00BC502F /* Debug */,
				9C1EE05A1A13A6AF00BC502F /* Release */,
			);
			defaultConfigurationIsVisible = 0;
			defaultConfigurationName = Release;
		};
		9C1EE05B1A13A6AF00BC502F /* Build configuration list for PBXNativeTarget "DKCarouselViewDemo" */ = {
			isa = XCConfigurationList;
			buildConfigurations = (
				9C1EE05C1A13A6AF00BC502F /* Debug */,
				9C1EE05D1A13A6AF00BC502F /* Release */,
			);
			defaultConfigurationIsVisible = 0;
			defaultConfigurationName = Release;
		};
		9C1EE05E1A13A6AF00BC502F /* Build configuration list for PBXNativeTarget "DKCarouselViewDemoTests" */ = {
			isa = XCConfigurationList;
			buildConfigurations = (
				9C1EE05F1A13A6AF00BC502F /* Debug */,
				9C1EE0601A13A6AF00BC502F /* Release */,
			);
			defaultConfigurationIsVisible = 0;
			defaultConfigurationName = Release;
		};
/* End XCConfigurationList section */
	};
	rootObject = 9C1EE0301A13A6AF00BC502F /* Project object */;
}
